// !$*UTF8*$!
{
	archiveVersion = 1;
	classes = {
	};
	objectVersion = 50;
	objects = {

/* Begin PBXBuildFile section */
		6CFE15E94EAE8E24D5E4147D /* Pods_FaceAuthSampleUITests.framework in Frameworks */ = {isa = PBXBuildFile; fileRef = 2A69A9A1455D44432A47D931 /* Pods_FaceAuthSampleUITests.framework */; };
		8CBF9C4A72D25F36D8A5298B /* Pods_FaceAuthSampleTests.framework in Frameworks */ = {isa = PBXBuildFile; fileRef = D480AED75D7BCBB27AE02108 /* Pods_FaceAuthSampleTests.framework */; };
		9137347E831CF2547D7389F1 /* Pods_FaceAuthSample.framework in Frameworks */ = {isa = PBXBuildFile; fileRef = 7B536221261D49E92114171B /* Pods_FaceAuthSample.framework */; };
		F059A98E235B60D600D773DA /* FaceDetectResponse.swift in Sources */ = {isa = PBXBuildFile; fileRef = F059A98D235B60D600D773DA /* FaceDetectResponse.swift */; };
		F059A990235B60F900D773DA /* FaceIdentifyResponse.swift in Sources */ = {isa = PBXBuildFile; fileRef = F059A98F235B60F900D773DA /* FaceIdentifyResponse.swift */; };
		F059A995235B674D00D773DA /* Target.swift in Sources */ = {isa = PBXBuildFile; fileRef = F059A994235B674D00D773DA /* Target.swift */; };
		F059A997235B679600D773DA /* Const.swift in Sources */ = {isa = PBXBuildFile; fileRef = F059A996235B679600D773DA /* Const.swift */; };
		F05DA4CA235B709900B227B2 /* APIRequest.swift in Sources */ = {isa = PBXBuildFile; fileRef = F05DA4C9235B709900B227B2 /* APIRequest.swift */; };
		F05DA4CC235B7AE600B227B2 /* ErrorResponse.swift in Sources */ = {isa = PBXBuildFile; fileRef = F05DA4CB235B7AE600B227B2 /* ErrorResponse.swift */; };
		F05DA4CE235B9B0700B227B2 /* HomeViewController.swift in Sources */ = {isa = PBXBuildFile; fileRef = F05DA4CD235B9B0700B227B2 /* HomeViewController.swift */; };
		F06C160F234A34600012C990 /* AppDelegate.swift in Sources */ = {isa = PBXBuildFile; fileRef = F06C160E234A34600012C990 /* AppDelegate.swift */; };
		F06C1611234A34600012C990 /* ViewController.swift in Sources */ = {isa = PBXBuildFile; fileRef = F06C1610234A34600012C990 /* ViewController.swift */; };
		F06C1614234A34600012C990 /* Main.storyboard in Resources */ = {isa = PBXBuildFile; fileRef = F06C1612234A34600012C990 /* Main.storyboard */; };
		F06C1616234A34610012C990 /* Assets.xcassets in Resources */ = {isa = PBXBuildFile; fileRef = F06C1615234A34610012C990 /* Assets.xcassets */; };
		F06C1619234A34610012C990 /* LaunchScreen.storyboard in Resources */ = {isa = PBXBuildFile; fileRef = F06C1617234A34610012C990 /* LaunchScreen.storyboard */; };
		F06C1624234A34610012C990 /* FaceAuthSampleTests.swift in Sources */ = {isa = PBXBuildFile; fileRef = F06C1623234A34610012C990 /* FaceAuthSampleTests.swift */; };
		F06C162F234A34610012C990 /* FaceAuthSampleUITests.swift in Sources */ = {isa = PBXBuildFile; fileRef = F06C162E234A34610012C990 /* FaceAuthSampleUITests.swift */; };
		F0E918FC2352109500509CD1 /* FaceDetecer.swift in Sources */ = {isa = PBXBuildFile; fileRef = F0E918FB2352109500509CD1 /* FaceDetecer.swift */; };
		F0E918FE235212E900509CD1 /* FaceAuthViewController.swift in Sources */ = {isa = PBXBuildFile; fileRef = F0E918FD235212E900509CD1 /* FaceAuthViewController.swift */; };
/* End PBXBuildFile section */

/* Begin PBXContainerItemProxy section */
		F06C1620234A34610012C990 /* PBXContainerItemProxy */ = {
			isa = PBXContainerItemProxy;
			containerPortal = F06C1603234A34600012C990 /* Project object */;
			proxyType = 1;
			remoteGlobalIDString = F06C160A234A34600012C990;
			remoteInfo = FaceAuthSample;
		};
		F06C162B234A34610012C990 /* PBXContainerItemProxy */ = {
			isa = PBXContainerItemProxy;
			containerPortal = F06C1603234A34600012C990 /* Project object */;
			proxyType = 1;
			remoteGlobalIDString = F06C160A234A34600012C990;
			remoteInfo = FaceAuthSample;
		};
/* End PBXContainerItemProxy section */

/* Begin PBXFileReference section */
		0A1A0521644D58F73B94CA7B /* Pods-FaceAuthSampleTests.debug.xcconfig */ = {isa = PBXFileReference; includeInIndex = 1; lastKnownFileType = text.xcconfig; name = "Pods-FaceAuthSampleTests.debug.xcconfig"; path = "Pods/Target Support Files/Pods-FaceAuthSampleTests/Pods-FaceAuthSampleTests.debug.xcconfig"; sourceTree = "<group>"; };
		0A2A27BDFEC63E1ABCC7804D /* Pods-FaceAuthSampleUITests.debug.xcconfig */ = {isa = PBXFileReference; includeInIndex = 1; lastKnownFileType = text.xcconfig; name = "Pods-FaceAuthSampleUITests.debug.xcconfig"; path = "Pods/Target Support Files/Pods-FaceAuthSampleUITests/Pods-FaceAuthSampleUITests.debug.xcconfig"; sourceTree = "<group>"; };
		2A69A9A1455D44432A47D931 /* Pods_FaceAuthSampleUITests.framework */ = {isa = PBXFileReference; explicitFileType = wrapper.framework; includeInIndex = 0; path = Pods_FaceAuthSampleUITests.framework; sourceTree = BUILT_PRODUCTS_DIR; };
		4B59254FF486C8CA4D0EE8E5 /* Pods-FaceAuthSample.debug.xcconfig */ = {isa = PBXFileReference; includeInIndex = 1; lastKnownFileType = text.xcconfig; name = "Pods-FaceAuthSample.debug.xcconfig"; path = "Pods/Target Support Files/Pods-FaceAuthSample/Pods-FaceAuthSample.debug.xcconfig"; sourceTree = "<group>"; };
		7B536221261D49E92114171B /* Pods_FaceAuthSample.framework */ = {isa = PBXFileReference; explicitFileType = wrapper.framework; includeInIndex = 0; path = Pods_FaceAuthSample.framework; sourceTree = BUILT_PRODUCTS_DIR; };
		D480AED75D7BCBB27AE02108 /* Pods_FaceAuthSampleTests.framework */ = {isa = PBXFileReference; explicitFileType = wrapper.framework; includeInIndex = 0; path = Pods_FaceAuthSampleTests.framework; sourceTree = BUILT_PRODUCTS_DIR; };
		E83E0309A90153511291063B /* Pods-FaceAuthSampleTests.release.xcconfig */ = {isa = PBXFileReference; includeInIndex = 1; lastKnownFileType = text.xcconfig; name = "Pods-FaceAuthSampleTests.release.xcconfig"; path = "Pods/Target Support Files/Pods-FaceAuthSampleTests/Pods-FaceAuthSampleTests.release.xcconfig"; sourceTree = "<group>"; };
		F059A98D235B60D600D773DA /* FaceDetectResponse.swift */ = {isa = PBXFileReference; lastKnownFileType = sourcecode.swift; path = FaceDetectResponse.swift; sourceTree = "<group>"; };
		F059A98F235B60F900D773DA /* FaceIdentifyResponse.swift */ = {isa = PBXFileReference; lastKnownFileType = sourcecode.swift; path = FaceIdentifyResponse.swift; sourceTree = "<group>"; };
		F059A994235B674D00D773DA /* Target.swift */ = {isa = PBXFileReference; lastKnownFileType = sourcecode.swift; path = Target.swift; sourceTree = "<group>"; };
		F059A996235B679600D773DA /* Const.swift */ = {isa = PBXFileReference; lastKnownFileType = sourcecode.swift; path = Const.swift; sourceTree = "<group>"; };
		F05DA4C9235B709900B227B2 /* APIRequest.swift */ = {isa = PBXFileReference; lastKnownFileType = sourcecode.swift; path = APIRequest.swift; sourceTree = "<group>"; };
		F05DA4CB235B7AE600B227B2 /* ErrorResponse.swift */ = {isa = PBXFileReference; lastKnownFileType = sourcecode.swift; path = ErrorResponse.swift; sourceTree = "<group>"; };
		F05DA4CD235B9B0700B227B2 /* HomeViewController.swift */ = {isa = PBXFileReference; lastKnownFileType = sourcecode.swift; path = HomeViewController.swift; sourceTree = "<group>"; };
		F06C160B234A34600012C990 /* FaceAuthSample.app */ = {isa = PBXFileReference; explicitFileType = wrapper.application; includeInIndex = 0; path = FaceAuthSample.app; sourceTree = BUILT_PRODUCTS_DIR; };
		F06C160E234A34600012C990 /* AppDelegate.swift */ = {isa = PBXFileReference; lastKnownFileType = sourcecode.swift; path = AppDelegate.swift; sourceTree = "<group>"; };
		F06C1610234A34600012C990 /* ViewController.swift */ = {isa = PBXFileReference; lastKnownFileType = sourcecode.swift; path = ViewController.swift; sourceTree = "<group>"; };
		F06C1613234A34600012C990 /* Base */ = {isa = PBXFileReference; lastKnownFileType = file.storyboard; name = Base; path = Base.lproj/Main.storyboard; sourceTree = "<group>"; };
		F06C1615234A34610012C990 /* Assets.xcassets */ = {isa = PBXFileReference; lastKnownFileType = folder.assetcatalog; path = Assets.xcassets; sourceTree = "<group>"; };
		F06C1618234A34610012C990 /* Base */ = {isa = PBXFileReference; lastKnownFileType = file.storyboard; name = Base; path = Base.lproj/LaunchScreen.storyboard; sourceTree = "<group>"; };
		F06C161A234A34610012C990 /* Info.plist */ = {isa = PBXFileReference; lastKnownFileType = text.plist.xml; path = Info.plist; sourceTree = "<group>"; };
		F06C161F234A34610012C990 /* FaceAuthSampleTests.xctest */ = {isa = PBXFileReference; explicitFileType = wrapper.cfbundle; includeInIndex = 0; path = FaceAuthSampleTests.xctest; sourceTree = BUILT_PRODUCTS_DIR; };
		F06C1623234A34610012C990 /* FaceAuthSampleTests.swift */ = {isa = PBXFileReference; lastKnownFileType = sourcecode.swift; path = FaceAuthSampleTests.swift; sourceTree = "<group>"; };
		F06C1625234A34610012C990 /* Info.plist */ = {isa = PBXFileReference; lastKnownFileType = text.plist.xml; path = Info.plist; sourceTree = "<group>"; };
		F06C162A234A34610012C990 /* FaceAuthSampleUITests.xctest */ = {isa = PBXFileReference; explicitFileType = wrapper.cfbundle; includeInIndex = 0; path = FaceAuthSampleUITests.xctest; sourceTree = BUILT_PRODUCTS_DIR; };
		F06C162E234A34610012C990 /* FaceAuthSampleUITests.swift */ = {isa = PBXFileReference; lastKnownFileType = sourcecode.swift; path = FaceAuthSampleUITests.swift; sourceTree = "<group>"; };
		F06C1630234A34610012C990 /* Info.plist */ = {isa = PBXFileReference; lastKnownFileType = text.plist.xml; path = Info.plist; sourceTree = "<group>"; };
		F0E918FB2352109500509CD1 /* FaceDetecer.swift */ = {isa = PBXFileReference; lastKnownFileType = sourcecode.swift; path = FaceDetecer.swift; sourceTree = "<group>"; };
		F0E918FD235212E900509CD1 /* FaceAuthViewController.swift */ = {isa = PBXFileReference; lastKnownFileType = sourcecode.swift; path = FaceAuthViewController.swift; sourceTree = "<group>"; };
		F240B3D3E73531ABA0214A56 /* Pods-FaceAuthSample.release.xcconfig */ = {isa = PBXFileReference; includeInIndex = 1; lastKnownFileType = text.xcconfig; name = "Pods-FaceAuthSample.release.xcconfig"; path = "Pods/Target Support Files/Pods-FaceAuthSample/Pods-FaceAuthSample.release.xcconfig"; sourceTree = "<group>"; };
		FCF01B762DD9576046A9BA5D /* Pods-FaceAuthSampleUITests.release.xcconfig */ = {isa = PBXFileReference; includeInIndex = 1; lastKnownFileType = text.xcconfig; name = "Pods-FaceAuthSampleUITests.release.xcconfig"; path = "Pods/Target Support Files/Pods-FaceAuthSampleUITests/Pods-FaceAuthSampleUITests.release.xcconfig"; sourceTree = "<group>"; };
/* End PBXFileReference section */

/* Begin PBXFrameworksBuildPhase section */
		F06C1608234A34600012C990 /* Frameworks */ = {
			isa = PBXFrameworksBuildPhase;
			buildActionMask = 2147483647;
			files = (
				9137347E831CF2547D7389F1 /* Pods_FaceAuthSample.framework in Frameworks */,
			);
			runOnlyForDeploymentPostprocessing = 0;
		};
		F06C161C234A34610012C990 /* Frameworks */ = {
			isa = PBXFrameworksBuildPhase;
			buildActionMask = 2147483647;
			files = (
				8CBF9C4A72D25F36D8A5298B /* Pods_FaceAuthSampleTests.framework in Frameworks */,
			);
			runOnlyForDeploymentPostprocessing = 0;
		};
		F06C1627234A34610012C990 /* Frameworks */ = {
			isa = PBXFrameworksBuildPhase;
			buildActionMask = 2147483647;
			files = (
				6CFE15E94EAE8E24D5E4147D /* Pods_FaceAuthSampleUITests.framework in Frameworks */,
			);
			runOnlyForDeploymentPostprocessing = 0;
		};
/* End PBXFrameworksBuildPhase section */

/* Begin PBXGroup section */
		19E77FF4745C3747B1365FA3 /* Frameworks */ = {
			isa = PBXGroup;
			children = (
				7B536221261D49E92114171B /* Pods_FaceAuthSample.framework */,
				D480AED75D7BCBB27AE02108 /* Pods_FaceAuthSampleTests.framework */,
				2A69A9A1455D44432A47D931 /* Pods_FaceAuthSampleUITests.framework */,
			);
			name = Frameworks;
			sourceTree = "<group>";
		};
		889132315D50A10E58D3528A /* Pods */ = {
			isa = PBXGroup;
			children = (
				4B59254FF486C8CA4D0EE8E5 /* Pods-FaceAuthSample.debug.xcconfig */,
				F240B3D3E73531ABA0214A56 /* Pods-FaceAuthSample.release.xcconfig */,
				0A1A0521644D58F73B94CA7B /* Pods-FaceAuthSampleTests.debug.xcconfig */,
				E83E0309A90153511291063B /* Pods-FaceAuthSampleTests.release.xcconfig */,
				0A2A27BDFEC63E1ABCC7804D /* Pods-FaceAuthSampleUITests.debug.xcconfig */,
				FCF01B762DD9576046A9BA5D /* Pods-FaceAuthSampleUITests.release.xcconfig */,
			);
			name = Pods;
			sourceTree = "<group>";
		};
		F059A98C235B60AD00D773DA /* Request */ = {
			isa = PBXGroup;
			children = (
				F059A98D235B60D600D773DA /* FaceDetectResponse.swift */,
				F059A98F235B60F900D773DA /* FaceIdentifyResponse.swift */,
				F05DA4CB235B7AE600B227B2 /* ErrorResponse.swift */,
			);
			path = Request;
			sourceTree = "<group>";
		};
		F059A993235B672A00D773DA /* API */ = {
			isa = PBXGroup;
			children = (
				F059A994235B674D00D773DA /* Target.swift */,
				F05DA4C9235B709900B227B2 /* APIRequest.swift */,
			);
			path = API;
			sourceTree = "<group>";
		};
		F059A998235B692100D773DA /* Model */ = {
			isa = PBXGroup;
			children = (
				F059A996235B679600D773DA /* Const.swift */,
				F059A993235B672A00D773DA /* API */,
				F059A98C235B60AD00D773DA /* Request */,
			);
			path = Model;
			sourceTree = "<group>";
		};
		F05DA4CF235BA0EA00B227B2 /* View */ = {
			isa = PBXGroup;
			children = (
				F06C1610234A34600012C990 /* ViewController.swift */,
				F0E918FD235212E900509CD1 /* FaceAuthViewController.swift */,
				F05DA4CD235B9B0700B227B2 /* HomeViewController.swift */,
			);
			path = View;
			sourceTree = "<group>";
		};
		F05DA4D0235BA11D00B227B2 /* Controller */ = {
			isa = PBXGroup;
			children = (
				F0E918FB2352109500509CD1 /* FaceDetecer.swift */,
			);
			path = Controller;
			sourceTree = "<group>";
		};
		F06C1602234A34600012C990 = {
			isa = PBXGroup;
			children = (
				F06C160D234A34600012C990 /* FaceAuthSample */,
				F06C1622234A34610012C990 /* FaceAuthSampleTests */,
				F06C162D234A34610012C990 /* FaceAuthSampleUITests */,
				F06C160C234A34600012C990 /* Products */,
				889132315D50A10E58D3528A /* Pods */,
				19E77FF4745C3747B1365FA3 /* Frameworks */,
			);
			sourceTree = "<group>";
		};
		F06C160C234A34600012C990 /* Products */ = {
			isa = PBXGroup;
			children = (
				F06C160B234A34600012C990 /* FaceAuthSample.app */,
				F06C161F234A34610012C990 /* FaceAuthSampleTests.xctest */,
				F06C162A234A34610012C990 /* FaceAuthSampleUITests.xctest */,
			);
			name = Products;
			sourceTree = "<group>";
		};
		F06C160D234A34600012C990 /* FaceAuthSample */ = {
			isa = PBXGroup;
			children = (
				F06C160E234A34600012C990 /* AppDelegate.swift */,
				F059A998235B692100D773DA /* Model */,
				F05DA4CF235BA0EA00B227B2 /* View */,
				F05DA4D0235BA11D00B227B2 /* Controller */,
				F06C1612234A34600012C990 /* Main.storyboard */,
				F06C1615234A34610012C990 /* Assets.xcassets */,
				F06C1617234A34610012C990 /* LaunchScreen.storyboard */,
				F06C161A234A34610012C990 /* Info.plist */,
			);
			path = FaceAuthSample;
			sourceTree = "<group>";
		};
		F06C1622234A34610012C990 /* FaceAuthSampleTests */ = {
			isa = PBXGroup;
			children = (
				F06C1623234A34610012C990 /* FaceAuthSampleTests.swift */,
				F06C1625234A34610012C990 /* Info.plist */,
			);
			path = FaceAuthSampleTests;
			sourceTree = "<group>";
		};
		F06C162D234A34610012C990 /* FaceAuthSampleUITests */ = {
			isa = PBXGroup;
			children = (
				F06C162E234A34610012C990 /* FaceAuthSampleUITests.swift */,
				F06C1630234A34610012C990 /* Info.plist */,
			);
			path = FaceAuthSampleUITests;
			sourceTree = "<group>";
		};
/* End PBXGroup section */

/* Begin PBXNativeTarget section */
		F06C160A234A34600012C990 /* FaceAuthSample */ = {
			isa = PBXNativeTarget;
			buildConfigurationList = F06C1633234A34610012C990 /* Build configuration list for PBXNativeTarget "FaceAuthSample" */;
			buildPhases = (
				E6B99C04E8955B293A76BA96 /* [CP] Check Pods Manifest.lock */,
				F06C1607234A34600012C990 /* Sources */,
				F06C1608234A34600012C990 /* Frameworks */,
				F06C1609234A34600012C990 /* Resources */,
				61A6A77AD1C8BAB58EE1F0BC /* [CP] Embed Pods Frameworks */,
				F08FBF6423536CE700E8A674 /* ShellScript */,
			);
			buildRules = (
			);
			dependencies = (
			);
			name = FaceAuthSample;
			productName = FaceAuthSample;
			productReference = F06C160B234A34600012C990 /* FaceAuthSample.app */;
			productType = "com.apple.product-type.application";
		};
		F06C161E234A34610012C990 /* FaceAuthSampleTests */ = {
			isa = PBXNativeTarget;
			buildConfigurationList = F06C1636234A34610012C990 /* Build configuration list for PBXNativeTarget "FaceAuthSampleTests" */;
			buildPhases = (
				ED3D5E585FC88734B2BF5095 /* [CP] Check Pods Manifest.lock */,
				F06C161B234A34610012C990 /* Sources */,
				F06C161C234A34610012C990 /* Frameworks */,
				F06C161D234A34610012C990 /* Resources */,
			);
			buildRules = (
			);
			dependencies = (
				F06C1621234A34610012C990 /* PBXTargetDependency */,
			);
			name = FaceAuthSampleTests;
			productName = FaceAuthSampleTests;
			productReference = F06C161F234A34610012C990 /* FaceAuthSampleTests.xctest */;
			productType = "com.apple.product-type.bundle.unit-test";
		};
		F06C1629234A34610012C990 /* FaceAuthSampleUITests */ = {
			isa = PBXNativeTarget;
			buildConfigurationList = F06C1639234A34610012C990 /* Build configuration list for PBXNativeTarget "FaceAuthSampleUITests" */;
			buildPhases = (
				498FE6237AFABEF820B6421C /* [CP] Check Pods Manifest.lock */,
				F06C1626234A34610012C990 /* Sources */,
				F06C1627234A34610012C990 /* Frameworks */,
				F06C1628234A34610012C990 /* Resources */,
			);
			buildRules = (
			);
			dependencies = (
				F06C162C234A34610012C990 /* PBXTargetDependency */,
			);
			name = FaceAuthSampleUITests;
			productName = FaceAuthSampleUITests;
			productReference = F06C162A234A34610012C990 /* FaceAuthSampleUITests.xctest */;
			productType = "com.apple.product-type.bundle.ui-testing";
		};
/* End PBXNativeTarget section */

/* Begin PBXProject section */
		F06C1603234A34600012C990 /* Project object */ = {
			isa = PBXProject;
			attributes = {
				LastSwiftUpdateCheck = 1020;
				LastUpgradeCheck = 1020;
				ORGANIZATIONNAME = "佐藤優";
				TargetAttributes = {
					F06C160A234A34600012C990 = {
						CreatedOnToolsVersion = 10.2.1;
					};
					F06C161E234A34610012C990 = {
						CreatedOnToolsVersion = 10.2.1;
						TestTargetID = F06C160A234A34600012C990;
					};
					F06C1629234A34610012C990 = {
						CreatedOnToolsVersion = 10.2.1;
						TestTargetID = F06C160A234A34600012C990;
					};
				};
			};
			buildConfigurationList = F06C1606234A34600012C990 /* Build configuration list for PBXProject "FaceAuthSample" */;
			compatibilityVersion = "Xcode 9.3";
			developmentRegion = en;
			hasScannedForEncodings = 0;
			knownRegions = (
				en,
				Base,
			);
			mainGroup = F06C1602234A34600012C990;
			productRefGroup = F06C160C234A34600012C990 /* Products */;
			projectDirPath = "";
			projectRoot = "";
			targets = (
				F06C160A234A34600012C990 /* FaceAuthSample */,
				F06C161E234A34610012C990 /* FaceAuthSampleTests */,
				F06C1629234A34610012C990 /* FaceAuthSampleUITests */,
			);
		};
/* End PBXProject section */

/* Begin PBXResourcesBuildPhase section */
		F06C1609234A34600012C990 /* Resources */ = {
			isa = PBXResourcesBuildPhase;
			buildActionMask = 2147483647;
			files = (
				F06C1619234A34610012C990 /* LaunchScreen.storyboard in Resources */,
				F06C1616234A34610012C990 /* Assets.xcassets in Resources */,
				F06C1614234A34600012C990 /* Main.storyboard in Resources */,
			);
			runOnlyForDeploymentPostprocessing = 0;
		};
		F06C161D234A34610012C990 /* Resources */ = {
			isa = PBXResourcesBuildPhase;
			buildActionMask = 2147483647;
			files = (
			);
			runOnlyForDeploymentPostprocessing = 0;
		};
		F06C1628234A34610012C990 /* Resources */ = {
			isa = PBXResourcesBuildPhase;
			buildActionMask = 2147483647;
			files = (
			);
			runOnlyForDeploymentPostprocessing = 0;
		};
/* End PBXResourcesBuildPhase section */

/* Begin PBXShellScriptBuildPhase section */
		498FE6237AFABEF820B6421C /* [CP] Check Pods Manifest.lock */ = {
			isa = PBXShellScriptBuildPhase;
			buildActionMask = 2147483647;
			files = (
			);
			inputPaths = (
				"${PODS_PODFILE_DIR_PATH}/Podfile.lock",
				"${PODS_ROOT}/Manifest.lock",
			);
			name = "[CP] Check Pods Manifest.lock";
			outputPaths = (
				"$(DERIVED_FILE_DIR)/Pods-FaceAuthSampleUITests-checkManifestLockResult.txt",
			);
			runOnlyForDeploymentPostprocessing = 0;
			shellPath = /bin/sh;
			shellScript = "diff \"${PODS_PODFILE_DIR_PATH}/Podfile.lock\" \"${PODS_ROOT}/Manifest.lock\" > /dev/null\nif [ $? != 0 ] ; then\n    # print error to STDERR\n    echo \"error: The sandbox is not in sync with the Podfile.lock. Run 'pod install' or update your CocoaPods installation.\" >&2\n    exit 1\nfi\n# This output is used by Xcode 'outputs' to avoid re-running this script phase.\necho \"SUCCESS\" > \"${SCRIPT_OUTPUT_FILE_0}\"\n";
			showEnvVarsInLog = 0;
		};
		61A6A77AD1C8BAB58EE1F0BC /* [CP] Embed Pods Frameworks */ = {
			isa = PBXShellScriptBuildPhase;
			buildActionMask = 2147483647;
			files = (
			);
			inputPaths = (
				"${SRCROOT}/Pods/Target Support Files/Pods-FaceAuthSample/Pods-FaceAuthSample-frameworks.sh",
				"${BUILT_PRODUCTS_DIR}/Alamofire/Alamofire.framework",
				"${BUILT_PRODUCTS_DIR}/Moya/Moya.framework",
				"${BUILT_PRODUCTS_DIR}/Result/Result.framework",
				"${BUILT_PRODUCTS_DIR}/RxSwift/RxSwift.framework",
				"${BUILT_PRODUCTS_DIR}/SVProgressHUD/SVProgressHUD.framework",
			);
			name = "[CP] Embed Pods Frameworks";
			outputPaths = (
				"${TARGET_BUILD_DIR}/${FRAMEWORKS_FOLDER_PATH}/Alamofire.framework",
				"${TARGET_BUILD_DIR}/${FRAMEWORKS_FOLDER_PATH}/Moya.framework",
				"${TARGET_BUILD_DIR}/${FRAMEWORKS_FOLDER_PATH}/Result.framework",
				"${TARGET_BUILD_DIR}/${FRAMEWORKS_FOLDER_PATH}/RxSwift.framework",
				"${TARGET_BUILD_DIR}/${FRAMEWORKS_FOLDER_PATH}/SVProgressHUD.framework",
			);
			runOnlyForDeploymentPostprocessing = 0;
			shellPath = /bin/sh;
			shellScript = "\"${SRCROOT}/Pods/Target Support Files/Pods-FaceAuthSample/Pods-FaceAuthSample-frameworks.sh\"\n";
			showEnvVarsInLog = 0;
		};
		E6B99C04E8955B293A76BA96 /* [CP] Check Pods Manifest.lock */ = {
			isa = PBXShellScriptBuildPhase;
			buildActionMask = 2147483647;
			files = (
			);
			inputPaths = (
				"${PODS_PODFILE_DIR_PATH}/Podfile.lock",
				"${PODS_ROOT}/Manifest.lock",
			);
			name = "[CP] Check Pods Manifest.lock";
			outputPaths = (
				"$(DERIVED_FILE_DIR)/Pods-FaceAuthSample-checkManifestLockResult.txt",
			);
			runOnlyForDeploymentPostprocessing = 0;
			shellPath = /bin/sh;
			shellScript = "diff \"${PODS_PODFILE_DIR_PATH}/Podfile.lock\" \"${PODS_ROOT}/Manifest.lock\" > /dev/null\nif [ $? != 0 ] ; then\n    # print error to STDERR\n    echo \"error: The sandbox is not in sync with the Podfile.lock. Run 'pod install' or update your CocoaPods installation.\" >&2\n    exit 1\nfi\n# This output is used by Xcode 'outputs' to avoid re-running this script phase.\necho \"SUCCESS\" > \"${SCRIPT_OUTPUT_FILE_0}\"\n";
			showEnvVarsInLog = 0;
		};
		ED3D5E585FC88734B2BF5095 /* [CP] Check Pods Manifest.lock */ = {
			isa = PBXShellScriptBuildPhase;
			buildActionMask = 2147483647;
			files = (
			);
			inputPaths = (
				"${PODS_PODFILE_DIR_PATH}/Podfile.lock",
				"${PODS_ROOT}/Manifest.lock",
			);
			name = "[CP] Check Pods Manifest.lock";
			outputPaths = (
				"$(DERIVED_FILE_DIR)/Pods-FaceAuthSampleTests-checkManifestLockResult.txt",
			);
			runOnlyForDeploymentPostprocessing = 0;
			shellPath = /bin/sh;
			shellScript = "diff \"${PODS_PODFILE_DIR_PATH}/Podfile.lock\" \"${PODS_ROOT}/Manifest.lock\" > /dev/null\nif [ $? != 0 ] ; then\n    # print error to STDERR\n    echo \"error: The sandbox is not in sync with the Podfile.lock. Run 'pod install' or update your CocoaPods installation.\" >&2\n    exit 1\nfi\n# This output is used by Xcode 'outputs' to avoid re-running this script phase.\necho \"SUCCESS\" > \"${SCRIPT_OUTPUT_FILE_0}\"\n";
			showEnvVarsInLog = 0;
		};
		F08FBF6423536CE700E8A674 /* ShellScript */ = {
			isa = PBXShellScriptBuildPhase;
			buildActionMask = 2147483647;
			files = (
			);
			inputPaths = (
			);
			outputPaths = (
			);
			runOnlyForDeploymentPostprocessing = 0;
			shellPath = /bin/sh;
			shellScript = "if which \"${PODS_ROOT}/SwiftLint/swiftlint\" >/dev/null; then\n  # 自動整形\n  \"${PODS_ROOT}/SwiftLint/swiftlint\" autocorrect --format\n  # 静的解析\n  \"${PODS_ROOT}/SwiftLint/swiftlint\"\nelse\n  echo \"warning: SwiftLint not installed, download from https://github.com/realm/SwiftLint\"\nfi\n";
		};
/* End PBXShellScriptBuildPhase section */

/* Begin PBXSourcesBuildPhase section */
		F06C1607234A34600012C990 /* Sources */ = {
			isa = PBXSourcesBuildPhase;
			buildActionMask = 2147483647;
			files = (
				F06C1611234A34600012C990 /* ViewController.swift in Sources */,
				F06C160F234A34600012C990 /* AppDelegate.swift in Sources */,
				F059A98E235B60D600D773DA /* FaceDetectResponse.swift in Sources */,
				F059A990235B60F900D773DA /* FaceIdentifyResponse.swift in Sources */,
				F0E918FC2352109500509CD1 /* FaceDetecer.swift in Sources */,
				F05DA4CC235B7AE600B227B2 /* ErrorResponse.swift in Sources */,
				F059A997235B679600D773DA /* Const.swift in Sources */,
				F05DA4CE235B9B0700B227B2 /* HomeViewController.swift in Sources */,
				F0E918FE235212E900509CD1 /* FaceAuthViewController.swift in Sources */,
				F05DA4CA235B709900B227B2 /* APIRequest.swift in Sources */,
				F059A995235B674D00D773DA /* Target.swift in Sources */,
			);
			runOnlyForDeploymentPostprocessing = 0;
		};
		F06C161B234A34610012C990 /* Sources */ = {
			isa = PBXSourcesBuildPhase;
			buildActionMask = 2147483647;
			files = (
				F06C1624234A34610012C990 /* FaceAuthSampleTests.swift in Sources */,
			);
			runOnlyForDeploymentPostprocessing = 0;
		};
		F06C1626234A34610012C990 /* Sources */ = {
			isa = PBXSourcesBuildPhase;
			buildActionMask = 2147483647;
			files = (
				F06C162F234A34610012C990 /* FaceAuthSampleUITests.swift in Sources */,
			);
			runOnlyForDeploymentPostprocessing = 0;
		};
/* End PBXSourcesBuildPhase section */

/* Begin PBXTargetDependency section */
		F06C1621234A34610012C990 /* PBXTargetDependency */ = {
			isa = PBXTargetDependency;
			target = F06C160A234A34600012C990 /* FaceAuthSample */;
			targetProxy = F06C1620234A34610012C990 /* PBXContainerItemProxy */;
		};
		F06C162C234A34610012C990 /* PBXTargetDependency */ = {
			isa = PBXTargetDependency;
			target = F06C160A234A34600012C990 /* FaceAuthSample */;
			targetProxy = F06C162B234A34610012C990 /* PBXContainerItemProxy */;
		};
/* End PBXTargetDependency section */

/* Begin PBXVariantGroup section */
		F06C1612234A34600012C990 /* Main.storyboard */ = {
			isa = PBXVariantGroup;
			children = (
				F06C1613234A34600012C990 /* Base */,
			);
			name = Main.storyboard;
			sourceTree = "<group>";
		};
		F06C1617234A34610012C990 /* LaunchScreen.storyboard */ = {
			isa = PBXVariantGroup;
			children = (
				F06C1618234A34610012C990 /* Base */,
			);
			name = LaunchScreen.storyboard;
			sourceTree = "<group>";
		};
/* End PBXVariantGroup section */

/* Begin XCBuildConfiguration section */
		F06C1631234A34610012C990 /* Debug */ = {
			isa = XCBuildConfiguration;
			buildSettings = {
				ALWAYS_SEARCH_USER_PATHS = NO;
				CLANG_ANALYZER_NONNULL = YES;
				CLANG_ANALYZER_NUMBER_OBJECT_CONVERSION = YES_AGGRESSIVE;
				CLANG_CXX_LANGUAGE_STANDARD = "gnu++14";
				CLANG_CXX_LIBRARY = "libc++";
				CLANG_ENABLE_MODULES = YES;
				CLANG_ENABLE_OBJC_ARC = YES;
				CLANG_ENABLE_OBJC_WEAK = YES;
				CLANG_WARN_BLOCK_CAPTURE_AUTORELEASING = YES;
				CLANG_WARN_BOOL_CONVERSION = YES;
				CLANG_WARN_COMMA = YES;
				CLANG_WARN_CONSTANT_CONVERSION = YES;
				CLANG_WARN_DEPRECATED_OBJC_IMPLEMENTATIONS = YES;
				CLANG_WARN_DIRECT_OBJC_ISA_USAGE = YES_ERROR;
				CLANG_WARN_DOCUMENTATION_COMMENTS = YES;
				CLANG_WARN_EMPTY_BODY = YES;
				CLANG_WARN_ENUM_CONVERSION = YES;
				CLANG_WARN_INFINITE_RECURSION = YES;
				CLANG_WARN_INT_CONVERSION = YES;
				CLANG_WARN_NON_LITERAL_NULL_CONVERSION = YES;
				CLANG_WARN_OBJC_IMPLICIT_RETAIN_SELF = YES;
				CLANG_WARN_OBJC_LITERAL_CONVERSION = YES;
				CLANG_WARN_OBJC_ROOT_CLASS = YES_ERROR;
				CLANG_WARN_RANGE_LOOP_ANALYSIS = YES;
				CLANG_WARN_STRICT_PROTOTYPES = YES;
				CLANG_WARN_SUSPICIOUS_MOVE = YES;
				CLANG_WARN_UNGUARDED_AVAILABILITY = YES_AGGRESSIVE;
				CLANG_WARN_UNREACHABLE_CODE = YES;
				CLANG_WARN__DUPLICATE_METHOD_MATCH = YES;
				CODE_SIGN_IDENTITY = "iPhone Developer";
				COPY_PHASE_STRIP = NO;
				DEBUG_INFORMATION_FORMAT = dwarf;
				ENABLE_STRICT_OBJC_MSGSEND = YES;
				ENABLE_TESTABILITY = YES;
				GCC_C_LANGUAGE_STANDARD = gnu11;
				GCC_DYNAMIC_NO_PIC = NO;
				GCC_NO_COMMON_BLOCKS = YES;
				GCC_OPTIMIZATION_LEVEL = 0;
				GCC_PREPROCESSOR_DEFINITIONS = (
					"DEBUG=1",
					"$(inherited)",
				);
				GCC_WARN_64_TO_32_BIT_CONVERSION = YES;
				GCC_WARN_ABOUT_RETURN_TYPE = YES_ERROR;
				GCC_WARN_UNDECLARED_SELECTOR = YES;
				GCC_WARN_UNINITIALIZED_AUTOS = YES_AGGRESSIVE;
				GCC_WARN_UNUSED_FUNCTION = YES;
				GCC_WARN_UNUSED_VARIABLE = YES;
				IPHONEOS_DEPLOYMENT_TARGET = 12.2;
				MTL_ENABLE_DEBUG_INFO = INCLUDE_SOURCE;
				MTL_FAST_MATH = YES;
				ONLY_ACTIVE_ARCH = YES;
				SDKROOT = iphoneos;
				SWIFT_ACTIVE_COMPILATION_CONDITIONS = DEBUG;
				SWIFT_OPTIMIZATION_LEVEL = "-Onone";
			};
			name = Debug;
		};
		F06C1632234A34610012C990 /* Release */ = {
			isa = XCBuildConfiguration;
			buildSettings = {
				ALWAYS_SEARCH_USER_PATHS = NO;
				CLANG_ANALYZER_NONNULL = YES;
				CLANG_ANALYZER_NUMBER_OBJECT_CONVERSION = YES_AGGRESSIVE;
				CLANG_CXX_LANGUAGE_STANDARD = "gnu++14";
				CLANG_CXX_LIBRARY = "libc++";
				CLANG_ENABLE_MODULES = YES;
				CLANG_ENABLE_OBJC_ARC = YES;
				CLANG_ENABLE_OBJC_WEAK = YES;
				CLANG_WARN_BLOCK_CAPTURE_AUTORELEASING = YES;
				CLANG_WARN_BOOL_CONVERSION = YES;
				CLANG_WARN_COMMA = YES;
				CLANG_WARN_CONSTANT_CONVERSION = YES;
				CLANG_WARN_DEPRECATED_OBJC_IMPLEMENTATIONS = YES;
				CLANG_WARN_DIRECT_OBJC_ISA_USAGE = YES_ERROR;
				CLANG_WARN_DOCUMENTATION_COMMENTS = YES;
				CLANG_WARN_EMPTY_BODY = YES;
				CLANG_WARN_ENUM_CONVERSION = YES;
				CLANG_WARN_INFINITE_RECURSION = YES;
				CLANG_WARN_INT_CONVERSION = YES;
				CLANG_WARN_NON_LITERAL_NULL_CONVERSION = YES;
				CLANG_WARN_OBJC_IMPLICIT_RETAIN_SELF = YES;
				CLANG_WARN_OBJC_LITERAL_CONVERSION = YES;
				CLANG_WARN_OBJC_ROOT_CLASS = YES_ERROR;
				CLANG_WARN_RANGE_LOOP_ANALYSIS = YES;
				CLANG_WARN_STRICT_PROTOTYPES = YES;
				CLANG_WARN_SUSPICIOUS_MOVE = YES;
				CLANG_WARN_UNGUARDED_AVAILABILITY = YES_AGGRESSIVE;
				CLANG_WARN_UNREACHABLE_CODE = YES;
				CLANG_WARN__DUPLICATE_METHOD_MATCH = YES;
				CODE_SIGN_IDENTITY = "iPhone Developer";
				COPY_PHASE_STRIP = NO;
				DEBUG_INFORMATION_FORMAT = "dwarf-with-dsym";
				ENABLE_NS_ASSERTIONS = NO;
				ENABLE_STRICT_OBJC_MSGSEND = YES;
				GCC_C_LANGUAGE_STANDARD = gnu11;
				GCC_NO_COMMON_BLOCKS = YES;
				GCC_WARN_64_TO_32_BIT_CONVERSION = YES;
				GCC_WARN_ABOUT_RETURN_TYPE = YES_ERROR;
				GCC_WARN_UNDECLARED_SELECTOR = YES;
				GCC_WARN_UNINITIALIZED_AUTOS = YES_AGGRESSIVE;
				GCC_WARN_UNUSED_FUNCTION = YES;
				GCC_WARN_UNUSED_VARIABLE = YES;
				IPHONEOS_DEPLOYMENT_TARGET = 12.2;
				MTL_ENABLE_DEBUG_INFO = NO;
				MTL_FAST_MATH = YES;
				SDKROOT = iphoneos;
				SWIFT_COMPILATION_MODE = wholemodule;
				SWIFT_OPTIMIZATION_LEVEL = "-O";
				VALIDATE_PRODUCT = YES;
			};
			name = Release;
		};
		F06C1634234A34610012C990 /* Debug */ = {
			isa = XCBuildConfiguration;
			baseConfigurationReference = 4B59254FF486C8CA4D0EE8E5 /* Pods-FaceAuthSample.debug.xcconfig */;
			buildSettings = {
				ASSETCATALOG_COMPILER_APPICON_NAME = AppIcon;
				CODE_SIGN_STYLE = Automatic;
				DEVELOPMENT_TEAM = ZXF79DK4SH;
				INFOPLIST_FILE = FaceAuthSample/Info.plist;
				IPHONEOS_DEPLOYMENT_TARGET = 12.0;
				LD_RUNPATH_SEARCH_PATHS = (
					"$(inherited)",
					"@executable_path/Frameworks",
				);
				PRODUCT_BUNDLE_IDENTIFIER = com.gmail.renchild.FaceAuthSample;
				PRODUCT_NAME = "$(TARGET_NAME)";
				SWIFT_VERSION = 5.0;
				TARGETED_DEVICE_FAMILY = 1;
			};
			name = Debug;
		};
		F06C1635234A34610012C990 /* Release */ = {
			isa = XCBuildConfiguration;
			baseConfigurationReference = F240B3D3E73531ABA0214A56 /* Pods-FaceAuthSample.release.xcconfig */;
			buildSettings = {
				ASSETCATALOG_COMPILER_APPICON_NAME = AppIcon;
				CODE_SIGN_STYLE = Automatic;
				DEVELOPMENT_TEAM = ZXF79DK4SH;
				INFOPLIST_FILE = FaceAuthSample/Info.plist;
				IPHONEOS_DEPLOYMENT_TARGET = 12.0;
				LD_RUNPATH_SEARCH_PATHS = (
					"$(inherited)",
					"@executable_path/Frameworks",
				);
				PRODUCT_BUNDLE_IDENTIFIER = com.gmail.renchild.FaceAuthSample;
				PRODUCT_NAME = "$(TARGET_NAME)";
				SWIFT_VERSION = 5.0;
				TARGETED_DEVICE_FAMILY = 1;
			};
			name = Release;
		};
		F06C1637234A34610012C990 /* Debug */ = {
			isa = XCBuildConfiguration;
			baseConfigurationReference = 0A1A0521644D58F73B94CA7B /* Pods-FaceAuthSampleTests.debug.xcconfig */;
			buildSettings = {
				ALWAYS_EMBED_SWIFT_STANDARD_LIBRARIES = YES;
				BUNDLE_LOADER = "$(TEST_HOST)";
				CODE_SIGN_STYLE = Automatic;
				DEVELOPMENT_TEAM = ZXF79DK4SH;
				INFOPLIST_FILE = FaceAuthSampleTests/Info.plist;
				LD_RUNPATH_SEARCH_PATHS = (
					"$(inherited)",
					"@executable_path/Frameworks",
					"@loader_path/Frameworks",
				);
				PRODUCT_BUNDLE_IDENTIFIER = com.gmail.renchild.FaceAuthSampleTests;
				PRODUCT_NAME = "$(TARGET_NAME)";
				SWIFT_VERSION = 5.0;
				TARGETED_DEVICE_FAMILY = "1,2";
				TEST_HOST = "$(BUILT_PRODUCTS_DIR)/FaceAuthSample.app/FaceAuthSample";
			};
			name = Debug;
		};
		F06C1638234A34610012C990 /* Release */ = {
			isa = XCBuildConfiguration;
			baseConfigurationReference = E83E0309A90153511291063B /* Pods-FaceAuthSampleTests.release.xcconfig */;
			buildSettings = {
				ALWAYS_EMBED_SWIFT_STANDARD_LIBRARIES = YES;
				BUNDLE_LOADER = "$(TEST_HOST)";
				CODE_SIGN_STYLE = Automatic;
				DEVELOPMENT_TEAM = ZXF79DK4SH;
				INFOPLIST_FILE = FaceAuthSampleTests/Info.plist;
				LD_RUNPATH_SEARCH_PATHS = (
					"$(inherited)",
					"@executable_path/Frameworks",
					"@loader_path/Frameworks",
				);
				PRODUCT_BUNDLE_IDENTIFIER = com.gmail.renchild.FaceAuthSampleTests;
				PRODUCT_NAME = "$(TARGET_NAME)";
				SWIFT_VERSION = 5.0;
				TARGETED_DEVICE_FAMILY = "1,2";
				TEST_HOST = "$(BUILT_PRODUCTS_DIR)/FaceAuthSample.app/FaceAuthSample";
			};
			name = Release;
		};
		F06C163A234A34610012C990 /* Debug */ = {
			isa = XCBuildConfiguration;
			baseConfigurationReference = 0A2A27BDFEC63E1ABCC7804D /* Pods-FaceAuthSampleUITests.debug.xcconfig */;
			buildSettings = {
				ALWAYS_EMBED_SWIFT_STANDARD_LIBRARIES = YES;
				CODE_SIGN_STYLE = Automatic;
				DEVELOPMENT_TEAM = ZXF79DK4SH;
				INFOPLIST_FILE = FaceAuthSampleUITests/Info.plist;
				LD_RUNPATH_SEARCH_PATHS = (
					"$(inherited)",
					"@executable_path/Frameworks",
					"@loader_path/Frameworks",
				);
				PRODUCT_BUNDLE_IDENTIFIER = com.gmail.renchild.FaceAuthSampleUITests;
				PRODUCT_NAME = "$(TARGET_NAME)";
				SWIFT_VERSION = 5.0;
				TARGETED_DEVICE_FAMILY = "1,2";
				TEST_TARGET_NAME = FaceAuthSample;
			};
			name = Debug;
		};
		F06C163B234A34610012C990 /* Release */ = {
			isa = XCBuildConfiguration;
			baseConfigurationReference = FCF01B762DD9576046A9BA5D /* Pods-FaceAuthSampleUITests.release.xcconfig */;
			buildSettings = {
				ALWAYS_EMBED_SWIFT_STANDARD_LIBRARIES = YES;
				CODE_SIGN_STYLE = Automatic;
				DEVELOPMENT_TEAM = ZXF79DK4SH;
				INFOPLIST_FILE = FaceAuthSampleUITests/Info.plist;
				LD_RUNPATH_SEARCH_PATHS = (
					"$(inherited)",
					"@executable_path/Frameworks",
					"@loader_path/Frameworks",
				);
				PRODUCT_BUNDLE_IDENTIFIER = com.gmail.renchild.FaceAuthSampleUITests;
				PRODUCT_NAME = "$(TARGET_NAME)";
				SWIFT_VERSION = 5.0;
				TARGETED_DEVICE_FAMILY = "1,2";
				TEST_TARGET_NAME = FaceAuthSample;
			};
			name = Release;
		};
/* End XCBuildConfiguration section */

/* Begin XCConfigurationList section */
		F06C1606234A34600012C990 /* Build configuration list for PBXProject "FaceAuthSample" */ = {
			isa = XCConfigurationList;
			buildConfigurations = (
				F06C1631234A34610012C990 /* Debug */,
				F06C1632234A34610012C990 /* Release */,
			);
			defaultConfigurationIsVisible = 0;
			defaultConfigurationName = Release;
		};
		F06C1633234A34610012C990 /* Build configuration list for PBXNativeTarget "FaceAuthSample" */ = {
			isa = XCConfigurationList;
			buildConfigurations = (
				F06C1634234A34610012C990 /* Debug */,
				F06C1635234A34610012C990 /* Release */,
			);
			defaultConfigurationIsVisible = 0;
			defaultConfigurationName = Release;
		};
		F06C1636234A34610012C990 /* Build configuration list for PBXNativeTarget "FaceAuthSampleTests" */ = {
			isa = XCConfigurationList;
			buildConfigurations = (
				F06C1637234A34610012C990 /* Debug */,
				F06C1638234A34610012C990 /* Release */,
			);
			defaultConfigurationIsVisible = 0;
			defaultConfigurationName = Release;
		};
		F06C1639234A34610012C990 /* Build configuration list for PBXNativeTarget "FaceAuthSampleUITests" */ = {
			isa = XCConfigurationList;
			buildConfigurations = (
				F06C163A234A34610012C990 /* Debug */,
				F06C163B234A34610012C990 /* Release */,
			);
			defaultConfigurationIsVisible = 0;
			defaultConfigurationName = Release;
		};
/* End XCConfigurationList section */
	};
	rootObject = F06C1603234A34600012C990 /* Project object */;
}
